
Microsoft Visual Studio Solution File, Format Version 12.00
# Visual Studio 15
Project("{FAE04EC0-301F-11D3-BF4B-00C04F79EFBC}") = "OperatorExercise", "OperatorExercise\OperatorExercise.csproj", "{7D8F8810-FB1B-4E48-9810-835AD361728C}"
EndProject
Global
	GlobalSection(SolutionConfigurationPlatforms) = preSolution
		Debug|anycpu = Debug|anycpu
		Release|anycpu = Release|anycpu
	EndGlobalSection
	GlobalSection(ProjectConfigurationPlatforms) = postSolution
		{7D8F8810-FB1B-4E48-9810-835AD361728C}.Debug|anycpu.ActiveCfg = Debug|anycpu
		{7D8F8810-FB1B-4E48-9810-835AD361728C}.Debug|anycpu.Build.0 = Debug|anycpu
		{7D8F8810-FB1B-4E48-9810-835AD361728C}.Release|anycpu.ActiveCfg = Release|anycpu
		{7D8F8810-FB1B-4E48-9810-835AD361728C}.Release|anycpu.Build.0 = Release|anycpu
	EndGlobalSection
EndGlobal
